// !$*UTF8*$!
{
	archiveVersion = 1;
	classes = {
	};
	objectVersion = 50;
	objects = {

/* Begin PBXBuildFile section */
		05C1B54EDDE6AB84A00D461D /* Pods_RecruitmentFM.framework in Frameworks */ = {isa = PBXBuildFile; fileRef = F0748E3C2EA29A79920E6ECE /* Pods_RecruitmentFM.framework */; };
		AE54E6232236F65500D125BD /* AppDelegate.swift in Sources */ = {isa = PBXBuildFile; fileRef = AE54E6222236F65500D125BD /* AppDelegate.swift */; };
		AE54E6252236F65500D125BD /* ListViewController.swift in Sources */ = {isa = PBXBuildFile; fileRef = AE54E6242236F65500D125BD /* ListViewController.swift */; };
		AE54E6282236F65600D125BD /* Main.storyboard in Resources */ = {isa = PBXBuildFile; fileRef = AE54E6262236F65600D125BD /* Main.storyboard */; };
		AE54E62B2236F65600D125BD /* RecruitmentFM.xcdatamodeld in Sources */ = {isa = PBXBuildFile; fileRef = AE54E6292236F65600D125BD /* RecruitmentFM.xcdatamodeld */; };
		AE54E62D2236F65800D125BD /* Assets.xcassets in Resources */ = {isa = PBXBuildFile; fileRef = AE54E62C2236F65800D125BD /* Assets.xcassets */; };
		AE54E6302236F65800D125BD /* LaunchScreen.storyboard in Resources */ = {isa = PBXBuildFile; fileRef = AE54E62E2236F65800D125BD /* LaunchScreen.storyboard */; };
		AE54E6442237045800D125BD /* ItemCell.swift in Sources */ = {isa = PBXBuildFile; fileRef = AE54E6422237045800D125BD /* ItemCell.swift */; };
		AE54E6452237045800D125BD /* ItemCell.xib in Resources */ = {isa = PBXBuildFile; fileRef = AE54E6432237045800D125BD /* ItemCell.xib */; };
		AE54E64722386B7600D125BD /* DetailsViewController.swift in Sources */ = {isa = PBXBuildFile; fileRef = AE54E64622386B7600D125BD /* DetailsViewController.swift */; };
/* End PBXBuildFile section */

/* Begin PBXFileReference section */
		575909492D67AD148276F266 /* Pods-RecruitmentFM.debug.xcconfig */ = {isa = PBXFileReference; includeInIndex = 1; lastKnownFileType = text.xcconfig; name = "Pods-RecruitmentFM.debug.xcconfig"; path = "Pods/Target Support Files/Pods-RecruitmentFM/Pods-RecruitmentFM.debug.xcconfig"; sourceTree = "<group>"; };
		AA02B6D08D66447D02ECF7FF /* Pods-RecruitmentFM.release.xcconfig */ = {isa = PBXFileReference; includeInIndex = 1; lastKnownFileType = text.xcconfig; name = "Pods-RecruitmentFM.release.xcconfig"; path = "Pods/Target Support Files/Pods-RecruitmentFM/Pods-RecruitmentFM.release.xcconfig"; sourceTree = "<group>"; };
		AE54E61F2236F65500D125BD /* RecruitmentFM.app */ = {isa = PBXFileReference; explicitFileType = wrapper.application; includeInIndex = 0; path = RecruitmentFM.app; sourceTree = BUILT_PRODUCTS_DIR; };
		AE54E6222236F65500D125BD /* AppDelegate.swift */ = {isa = PBXFileReference; lastKnownFileType = sourcecode.swift; path = AppDelegate.swift; sourceTree = "<group>"; };
		AE54E6242236F65500D125BD /* ListViewController.swift */ = {isa = PBXFileReference; lastKnownFileType = sourcecode.swift; path = ListViewController.swift; sourceTree = "<group>"; };
		AE54E6272236F65600D125BD /* Base */ = {isa = PBXFileReference; lastKnownFileType = file.storyboard; name = Base; path = Base.lproj/Main.storyboard; sourceTree = "<group>"; };
		AE54E62A2236F65600D125BD /* RecruitmentFM.xcdatamodel */ = {isa = PBXFileReference; lastKnownFileType = wrapper.xcdatamodel; path = RecruitmentFM.xcdatamodel; sourceTree = "<group>"; };
		AE54E62C2236F65800D125BD /* Assets.xcassets */ = {isa = PBXFileReference; lastKnownFileType = folder.assetcatalog; path = Assets.xcassets; sourceTree = "<group>"; };
		AE54E62F2236F65800D125BD /* Base */ = {isa = PBXFileReference; lastKnownFileType = file.storyboard; name = Base; path = Base.lproj/LaunchScreen.storyboard; sourceTree = "<group>"; };
		AE54E6312236F65800D125BD /* Info.plist */ = {isa = PBXFileReference; lastKnownFileType = text.plist.xml; path = Info.plist; sourceTree = "<group>"; };
		AE54E6422237045800D125BD /* ItemCell.swift */ = {isa = PBXFileReference; lastKnownFileType = sourcecode.swift; path = ItemCell.swift; sourceTree = "<group>"; };
		AE54E6432237045800D125BD /* ItemCell.xib */ = {isa = PBXFileReference; lastKnownFileType = file.xib; path = ItemCell.xib; sourceTree = "<group>"; };
		AE54E64622386B7600D125BD /* DetailsViewController.swift */ = {isa = PBXFileReference; lastKnownFileType = sourcecode.swift; path = DetailsViewController.swift; sourceTree = "<group>"; };
		F0748E3C2EA29A79920E6ECE /* Pods_RecruitmentFM.framework */ = {isa = PBXFileReference; explicitFileType = wrapper.framework; includeInIndex = 0; path = Pods_RecruitmentFM.framework; sourceTree = BUILT_PRODUCTS_DIR; };
/* End PBXFileReference section */

/* Begin PBXFrameworksBuildPhase section */
		AE54E61C2236F65500D125BD /* Frameworks */ = {
			isa = PBXFrameworksBuildPhase;
			buildActionMask = 2147483647;
			files = (
				05C1B54EDDE6AB84A00D461D /* Pods_RecruitmentFM.framework in Frameworks */,
			);
			runOnlyForDeploymentPostprocessing = 0;
		};
/* End PBXFrameworksBuildPhase section */

/* Begin PBXGroup section */
		2D78B47A4937D2A0FCACC9C9 /* Frameworks */ = {
			isa = PBXGroup;
			children = (
				F0748E3C2EA29A79920E6ECE /* Pods_RecruitmentFM.framework */,
			);
			name = Frameworks;
			sourceTree = "<group>";
		};
		9EF049F3331AA31E025FC857 /* Pods */ = {
			isa = PBXGroup;
			children = (
				575909492D67AD148276F266 /* Pods-RecruitmentFM.debug.xcconfig */,
				AA02B6D08D66447D02ECF7FF /* Pods-RecruitmentFM.release.xcconfig */,
			);
			name = Pods;
			sourceTree = "<group>";
		};
		AE54E6162236F65500D125BD = {
			isa = PBXGroup;
			children = (
				AE54E6212236F65500D125BD /* RecruitmentFM */,
				AE54E6202236F65500D125BD /* Products */,
				9EF049F3331AA31E025FC857 /* Pods */,
				2D78B47A4937D2A0FCACC9C9 /* Frameworks */,
			);
			sourceTree = "<group>";
		};
		AE54E6202236F65500D125BD /* Products */ = {
			isa = PBXGroup;
			children = (
				AE54E61F2236F65500D125BD /* RecruitmentFM.app */,
			);
			name = Products;
			sourceTree = "<group>";
		};
		AE54E6212236F65500D125BD /* RecruitmentFM */ = {
			isa = PBXGroup;
			children = (
				AE54E63A2236F90300D125BD /* SupportingFiles */,
				AE54E6392236F8F300D125BD /* Controller */,
				AE54E6382236F8EB00D125BD /* View */,
				AE54E6372236F8D600D125BD /* Model */,
				AE54E6312236F65800D125BD /* Info.plist */,
			);
			path = RecruitmentFM;
			sourceTree = "<group>";
		};
		AE54E6372236F8D600D125BD /* Model */ = {
			isa = PBXGroup;
			children = (
				AE54E6292236F65600D125BD /* RecruitmentFM.xcdatamodeld */,
			);
			path = Model;
			sourceTree = "<group>";
		};
		AE54E6382236F8EB00D125BD /* View */ = {
			isa = PBXGroup;
			children = (
				AE54E6262236F65600D125BD /* Main.storyboard */,
				AE54E62E2236F65800D125BD /* LaunchScreen.storyboard */,
				AE54E63F223703DC00D125BD /* CutomCells */,
			);
			path = View;
			sourceTree = "<group>";
		};
		AE54E6392236F8F300D125BD /* Controller */ = {
			isa = PBXGroup;
			children = (
				AE54E6222236F65500D125BD /* AppDelegate.swift */,
				AE54E6242236F65500D125BD /* ListViewController.swift */,
				AE54E64622386B7600D125BD /* DetailsViewController.swift */,
			);
			path = Controller;
			sourceTree = "<group>";
		};
		AE54E63A2236F90300D125BD /* SupportingFiles */ = {
			isa = PBXGroup;
			children = (
				AE54E62C2236F65800D125BD /* Assets.xcassets */,
			);
			path = SupportingFiles;
			sourceTree = "<group>";
		};
		AE54E63F223703DC00D125BD /* CutomCells */ = {
			isa = PBXGroup;
			children = (
				AE54E6422237045800D125BD /* ItemCell.swift */,
				AE54E6432237045800D125BD /* ItemCell.xib */,
			);
			path = CutomCells;
			sourceTree = "<group>";
		};
/* End PBXGroup section */

/* Begin PBXNativeTarget section */
		AE54E61E2236F65500D125BD /* RecruitmentFM */ = {
			isa = PBXNativeTarget;
			buildConfigurationList = AE54E6342236F65800D125BD /* Build configuration list for PBXNativeTarget "RecruitmentFM" */;
			buildPhases = (
				4CDD499E1F56248751BD2A75 /* [CP] Check Pods Manifest.lock */,
				AE54E61B2236F65500D125BD /* Sources */,
				AE54E61C2236F65500D125BD /* Frameworks */,
				AE54E61D2236F65500D125BD /* Resources */,
				6278295E6080426D402A7428 /* [CP] Embed Pods Frameworks */,
			);
			buildRules = (
			);
			dependencies = (
			);
			name = RecruitmentFM;
			productName = RecruitmentFM;
			productReference = AE54E61F2236F65500D125BD /* RecruitmentFM.app */;
			productType = "com.apple.product-type.application";
		};
/* End PBXNativeTarget section */

/* Begin PBXProject section */
		AE54E6172236F65500D125BD /* Project object */ = {
			isa = PBXProject;
			attributes = {
				LastSwiftUpdateCheck = 1010;
				LastUpgradeCheck = 1010;
				ORGANIZATIONNAME = "Piotr Andrzejewski";
				TargetAttributes = {
					AE54E61E2236F65500D125BD = {
						CreatedOnToolsVersion = 10.1;
					};
				};
			};
			buildConfigurationList = AE54E61A2236F65500D125BD /* Build configuration list for PBXProject "RecruitmentFM" */;
			compatibilityVersion = "Xcode 9.3";
			developmentRegion = en;
			hasScannedForEncodings = 0;
			knownRegions = (
				en,
				Base,
			);
			mainGroup = AE54E6162236F65500D125BD;
			productRefGroup = AE54E6202236F65500D125BD /* Products */;
			projectDirPath = "";
			projectRoot = "";
			targets = (
				AE54E61E2236F65500D125BD /* RecruitmentFM */,
			);
		};
/* End PBXProject section */

/* Begin PBXResourcesBuildPhase section */
		AE54E61D2236F65500D125BD /* Resources */ = {
			isa = PBXResourcesBuildPhase;
			buildActionMask = 2147483647;
			files = (
				AE54E6452237045800D125BD /* ItemCell.xib in Resources */,
				AE54E6302236F65800D125BD /* LaunchScreen.storyboard in Resources */,
				AE54E62D2236F65800D125BD /* Assets.xcassets in Resources */,
				AE54E6282236F65600D125BD /* Main.storyboard in Resources */,
			);
			runOnlyForDeploymentPostprocessing = 0;
		};
/* End PBXResourcesBuildPhase section */

/* Begin PBXShellScriptBuildPhase section */
		4CDD499E1F56248751BD2A75 /* [CP] Check Pods Manifest.lock */ = {
			isa = PBXShellScriptBuildPhase;
			buildActionMask = 2147483647;
			files = (
			);
			inputFileListPaths = (
			);
			inputPaths = (
				"${PODS_PODFILE_DIR_PATH}/Podfile.lock",
				"${PODS_ROOT}/Manifest.lock",
			);
			name = "[CP] Check Pods Manifest.lock";
			outputFileListPaths = (
			);
			outputPaths = (
				"$(DERIVED_FILE_DIR)/Pods-RecruitmentFM-checkManifestLockResult.txt",
			);
			runOnlyForDeploymentPostprocessing = 0;
			shellPath = /bin/sh;
			shellScript = "diff \"${PODS_PODFILE_DIR_PATH}/Podfile.lock\" \"${PODS_ROOT}/Manifest.lock\" > /dev/null\nif [ $? != 0 ] ; then\n    # print error to STDERR\n    echo \"error: The sandbox is not in sync with the Podfile.lock. Run 'pod install' or update your CocoaPods installation.\" >&2\n    exit 1\nfi\n# This output is used by Xcode 'outputs' to avoid re-running this script phase.\necho \"SUCCESS\" > \"${SCRIPT_OUTPUT_FILE_0}\"\n";
			showEnvVarsInLog = 0;
		};
		6278295E6080426D402A7428 /* [CP] Embed Pods Frameworks */ = {
			isa = PBXShellScriptBuildPhase;
			buildActionMask = 2147483647;
			files = (
			);
			inputFileListPaths = (
			);
			inputPaths = (
				"${SRCROOT}/Pods/Target Support Files/Pods-RecruitmentFM/Pods-RecruitmentFM-frameworks.sh",
				"${BUILT_PRODUCTS_DIR}/Alamofire/Alamofire.framework",
				"${BUILT_PRODUCTS_DIR}/ProgressHUD/ProgressHUD.framework",
				"${BUILT_PRODUCTS_DIR}/SwiftyJSON/SwiftyJSON.framework",
			);
			name = "[CP] Embed Pods Frameworks";
			outputFileListPaths = (
			);
			outputPaths = (
				"${TARGET_BUILD_DIR}/${FRAMEWORKS_FOLDER_PATH}/Alamofire.framework",
				"${TARGET_BUILD_DIR}/${FRAMEWORKS_FOLDER_PATH}/ProgressHUD.framework",
				"${TARGET_BUILD_DIR}/${FRAMEWORKS_FOLDER_PATH}/SwiftyJSON.framework",
			);
			runOnlyForDeploymentPostprocessing = 0;
			shellPath = /bin/sh;
			shellScript = "\"${SRCROOT}/Pods/Target Support Files/Pods-RecruitmentFM/Pods-RecruitmentFM-frameworks.sh\"\n";
			showEnvVarsInLog = 0;
		};
/* End PBXShellScriptBuildPhase section */

/* Begin PBXSourcesBuildPhase section */
		AE54E61B2236F65500D125BD /* Sources */ = {
			isa = PBXSourcesBuildPhase;
			buildActionMask = 2147483647;
			files = (
				AE54E6442237045800D125BD /* ItemCell.swift in Sources */,
				AE54E6252236F65500D125BD /* ListViewController.swift in Sources */,
				AE54E62B2236F65600D125BD /* RecruitmentFM.xcdatamodeld in Sources */,
				AE54E6232236F65500D125BD /* AppDelegate.swift in Sources */,
				AE54E64722386B7600D125BD /* DetailsViewController.swift in Sources */,
			);
			runOnlyForDeploymentPostprocessing = 0;
		};
/* End PBXSourcesBuildPhase section */

/* Begin PBXVariantGroup section */
		AE54E6262236F65600D125BD /* Main.storyboard */ = {
			isa = PBXVariantGroup;
			children = (
				AE54E6272236F65600D125BD /* Base */,
			);
			name = Main.storyboard;
			sourceTree = "<group>";
		};
		AE54E62E2236F65800D125BD /* LaunchScreen.storyboard */ = {
			isa = PBXVariantGroup;
			children = (
				AE54E62F2236F65800D125BD /* Base */,
			);
			name = LaunchScreen.storyboard;
			sourceTree = "<group>";
		};
/* End PBXVariantGroup section */

/* Begin XCBuildConfiguration section */
		AE54E6322236F65800D125BD /* Debug */ = {
			isa = XCBuildConfiguration;
			buildSettings = {
				ALWAYS_SEARCH_USER_PATHS = NO;
				CLANG_ANALYZER_NONNULL = YES;
				CLANG_ANALYZER_NUMBER_OBJECT_CONVERSION = YES_AGGRESSIVE;
				CLANG_CXX_LANGUAGE_STANDARD = "gnu++14";
				CLANG_CXX_LIBRARY = "libc++";
				CLANG_ENABLE_MODULES = YES;
				CLANG_ENABLE_OBJC_ARC = YES;
				CLANG_ENABLE_OBJC_WEAK = YES;
				CLANG_WARN_BLOCK_CAPTURE_AUTORELEASING = YES;
				CLANG_WARN_BOOL_CONVERSION = YES;
				CLANG_WARN_COMMA = YES;
				CLANG_WARN_CONSTANT_CONVERSION = YES;
				CLANG_WARN_DEPRECATED_OBJC_IMPLEMENTATIONS = YES;
				CLANG_WARN_DIRECT_OBJC_ISA_USAGE = YES_ERROR;
				CLANG_WARN_DOCUMENTATION_COMMENTS = YES;
				CLANG_WARN_EMPTY_BODY = YES;
				CLANG_WARN_ENUM_CONVERSION = YES;
				CLANG_WARN_INFINITE_RECURSION = YES;
				CLANG_WARN_INT_CONVERSION = YES;
				CLANG_WARN_NON_LITERAL_NULL_CONVERSION = YES;
				CLANG_WARN_OBJC_IMPLICIT_RETAIN_SELF = YES;
				CLANG_WARN_OBJC_LITERAL_CONVERSION = YES;
				CLANG_WARN_OBJC_ROOT_CLASS = YES_ERROR;
				CLANG_WARN_RANGE_LOOP_ANALYSIS = YES;
				CLANG_WARN_STRICT_PROTOTYPES = YES;
				CLANG_WARN_SUSPICIOUS_MOVE = YES;
				CLANG_WARN_UNGUARDED_AVAILABILITY = YES_AGGRESSIVE;
				CLANG_WARN_UNREACHABLE_CODE = YES;
				CLANG_WARN__DUPLICATE_METHOD_MATCH = YES;
				CODE_SIGN_IDENTITY = "iPhone Developer";
				COPY_PHASE_STRIP = NO;
				DEBUG_INFORMATION_FORMAT = dwarf;
				ENABLE_STRICT_OBJC_MSGSEND = YES;
				ENABLE_TESTABILITY = YES;
				GCC_C_LANGUAGE_STANDARD = gnu11;
				GCC_DYNAMIC_NO_PIC = NO;
				GCC_NO_COMMON_BLOCKS = YES;
				GCC_OPTIMIZATION_LEVEL = 0;
				GCC_PREPROCESSOR_DEFINITIONS = (
					"DEBUG=1",
					"$(inherited)",
				);
				GCC_WARN_64_TO_32_BIT_CONVERSION = YES;
				GCC_WARN_ABOUT_RETURN_TYPE = YES_ERROR;
				GCC_WARN_UNDECLARED_SELECTOR = YES;
				GCC_WARN_UNINITIALIZED_AUTOS = YES_AGGRESSIVE;
				GCC_WARN_UNUSED_FUNCTION = YES;
				GCC_WARN_UNUSED_VARIABLE = YES;
				IPHONEOS_DEPLOYMENT_TARGET = 12.1;
				MTL_ENABLE_DEBUG_INFO = INCLUDE_SOURCE;
				MTL_FAST_MATH = YES;
				ONLY_ACTIVE_ARCH = YES;
				SDKROOT = iphoneos;
				SWIFT_ACTIVE_COMPILATION_CONDITIONS = DEBUG;
				SWIFT_OPTIMIZATION_LEVEL = "-Onone";
			};
			name = Debug;
		};
		AE54E6332236F65800D125BD /* Release */ = {
			isa = XCBuildConfiguration;
			buildSettings = {
				ALWAYS_SEARCH_USER_PATHS = NO;
				CLANG_ANALYZER_NONNULL = YES;
				CLANG_ANALYZER_NUMBER_OBJECT_CONVERSION = YES_AGGRESSIVE;
				CLANG_CXX_LANGUAGE_STANDARD = "gnu++14";
				CLANG_CXX_LIBRARY = "libc++";
				CLANG_ENABLE_MODULES = YES;
				CLANG_ENABLE_OBJC_ARC = YES;
				CLANG_ENABLE_OBJC_WEAK = YES;
				CLANG_WARN_BLOCK_CAPTURE_AUTORELEASING = YES;
				CLANG_WARN_BOOL_CONVERSION = YES;
				CLANG_WARN_COMMA = YES;
				CLANG_WARN_CONSTANT_CONVERSION = YES;
				CLANG_WARN_DEPRECATED_OBJC_IMPLEMENTATIONS = YES;
				CLANG_WARN_DIRECT_OBJC_ISA_USAGE = YES_ERROR;
				CLANG_WARN_DOCUMENTATION_COMMENTS = YES;
				CLANG_WARN_EMPTY_BODY = YES;
				CLANG_WARN_ENUM_CONVERSION = YES;
				CLANG_WARN_INFINITE_RECURSION = YES;
				CLANG_WARN_INT_CONVERSION = YES;
				CLANG_WARN_NON_LITERAL_NULL_CONVERSION = YES;
				CLANG_WARN_OBJC_IMPLICIT_RETAIN_SELF = YES;
				CLANG_WARN_OBJC_LITERAL_CONVERSION = YES;
				CLANG_WARN_OBJC_ROOT_CLASS = YES_ERROR;
				CLANG_WARN_RANGE_LOOP_ANALYSIS = YES;
				CLANG_WARN_STRICT_PROTOTYPES = YES;
				CLANG_WARN_SUSPICIOUS_MOVE = YES;
				CLANG_WARN_UNGUARDED_AVAILABILITY = YES_AGGRESSIVE;
				CLANG_WARN_UNREACHABLE_CODE = YES;
				CLANG_WARN__DUPLICATE_METHOD_MATCH = YES;
				CODE_SIGN_IDENTITY = "iPhone Developer";
				COPY_PHASE_STRIP = NO;
				DEBUG_INFORMATION_FORMAT = "dwarf-with-dsym";
				ENABLE_NS_ASSERTIONS = NO;
				ENABLE_STRICT_OBJC_MSGSEND = YES;
				GCC_C_LANGUAGE_STANDARD = gnu11;
				GCC_NO_COMMON_BLOCKS = YES;
				GCC_WARN_64_TO_32_BIT_CONVERSION = YES;
				GCC_WARN_ABOUT_RETURN_TYPE = YES_ERROR;
				GCC_WARN_UNDECLARED_SELECTOR = YES;
				GCC_WARN_UNINITIALIZED_AUTOS = YES_AGGRESSIVE;
				GCC_WARN_UNUSED_FUNCTION = YES;
				GCC_WARN_UNUSED_VARIABLE = YES;
				IPHONEOS_DEPLOYMENT_TARGET = 12.1;
				MTL_ENABLE_DEBUG_INFO = NO;
				MTL_FAST_MATH = YES;
				SDKROOT = iphoneos;
				SWIFT_COMPILATION_MODE = wholemodule;
				SWIFT_OPTIMIZATION_LEVEL = "-O";
				VALIDATE_PRODUCT = YES;
			};
			name = Release;
		};
		AE54E6352236F65800D125BD /* Debug */ = {
			isa = XCBuildConfiguration;
			baseConfigurationReference = 575909492D67AD148276F266 /* Pods-RecruitmentFM.debug.xcconfig */;
			buildSettings = {
				ASSETCATALOG_COMPILER_APPICON_NAME = AppIcon;
				CODE_SIGN_STYLE = Automatic;
				INFOPLIST_FILE = RecruitmentFM/Info.plist;
				LD_RUNPATH_SEARCH_PATHS = (
					"$(inherited)",
					"@executable_path/Frameworks",
				);
				PRODUCT_BUNDLE_IDENTIFIER = com.paitd.RecruitmentFM;
				PRODUCT_NAME = "$(TARGET_NAME)";
				SWIFT_VERSION = 4.2;
				TARGETED_DEVICE_FAMILY = "1,2";
			};
			name = Debug;
		};
		AE54E6362236F65800D125BD /* Release */ = {
			isa = XCBuildConfiguration;
			baseConfigurationReference = AA02B6D08D66447D02ECF7FF /* Pods-RecruitmentFM.release.xcconfig */;
			buildSettings = {
				ASSETCATALOG_COMPILER_APPICON_NAME = AppIcon;
				CODE_SIGN_STYLE = Automatic;
				INFOPLIST_FILE = RecruitmentFM/Info.plist;
				LD_RUNPATH_SEARCH_PATHS = (
					"$(inherited)",
					"@executable_path/Frameworks",
				);
				PRODUCT_BUNDLE_IDENTIFIER = com.paitd.RecruitmentFM;
				PRODUCT_NAME = "$(TARGET_NAME)";
				SWIFT_VERSION = 4.2;
				TARGETED_DEVICE_FAMILY = "1,2";
			};
			name = Release;
		};
/* End XCBuildConfiguration section */

/* Begin XCConfigurationList section */
		AE54E61A2236F65500D125BD /* Build configuration list for PBXProject "RecruitmentFM" */ = {
			isa = XCConfigurationList;
			buildConfigurations = (
				AE54E6322236F65800D125BD /* Debug */,
				AE54E6332236F65800D125BD /* Release */,
			);
			defaultConfigurationIsVisible = 0;
			defaultConfigurationName = Release;
		};
		AE54E6342236F65800D125BD /* Build configuration list for PBXNativeTarget "RecruitmentFM" */ = {
			isa = XCConfigurationList;
			buildConfigurations = (
				AE54E6352236F65800D125BD /* Debug */,
				AE54E6362236F65800D125BD /* Release */,
			);
			defaultConfigurationIsVisible = 0;
			defaultConfigurationName = Release;
		};
/* End XCConfigurationList section */

/* Begin XCVersionGroup section */
		AE54E6292236F65600D125BD /* RecruitmentFM.xcdatamodeld */ = {
			isa = XCVersionGroup;
			children = (
				AE54E62A2236F65600D125BD /* RecruitmentFM.xcdatamodel */,
			);
			currentVersion = AE54E62A2236F65600D125BD /* RecruitmentFM.xcdatamodel */;
			path = RecruitmentFM.xcdatamodeld;
			sourceTree = "<group>";
			versionGroupType = wrapper.xcdatamodel;
		};
/* End XCVersionGroup section */
	};
	rootObject = AE54E6172236F65500D125BD /* Project object */;
}
